
Microsoft Visual Studio Solution File, Format Version 12.00
# Visual Studio 2013
VisualStudioVersion = 12.0.21005.1
MinimumVisualStudioVersion = 10.0.40219.1
Project("{FAE04EC0-301F-11D3-BF4B-00C04F79EFBC}") = "Ideaworkmate", "Ideaworkmate\Ideaworkmate.csproj", "{33E36CCE-5387-482A-88CA-11FF9547FF22}"
EndProject
Project("{FAE04EC0-301F-11D3-BF4B-00C04F79EFBC}") = "BusinessLayer", "WcfServiceLibrary1\BusinessLayer.csproj", "{2A1C8ECA-D867-4AAD-95A5-A74181789E47}"
EndProject
Project("{FAE04EC0-301F-11D3-BF4B-00C04F79EFBC}") = "DataAccess", "DataAccess\DataAccess.csproj", "{1F197BB8-9A3F-487A-AABF-153DE55625A3}"
EndProject
Project("{FAE04EC0-301F-11D3-BF4B-00C04F79EFBC}") = "Common", "Common\Common.csproj", "{7A6D3062-42AA-4E7D-A910-CC82F3EF3AA4}"
EndProject
Global
	GlobalSection(SolutionConfigurationPlatforms) = preSolution
		Debug|Any CPU = Debug|Any CPU
		Release|Any CPU = Release|Any CPU
	EndGlobalSection
	GlobalSection(ProjectConfigurationPlatforms) = postSolution
		{33E36CCE-5387-482A-88CA-11FF9547FF22}.Debug|Any CPU.ActiveCfg = Debug|Any CPU
		{33E36CCE-5387-482A-88CA-11FF9547FF22}.Debug|Any CPU.Build.0 = Debug|Any CPU
		{33E36CCE-5387-482A-88CA-11FF9547FF22}.Release|Any CPU.ActiveCfg = Release|Any CPU
		{33E36CCE-5387-482A-88CA-11FF9547FF22}.Release|Any CPU.Build.0 = Release|Any CPU
		{2A1C8ECA-D867-4AAD-95A5-A74181789E47}.Debug|Any CPU.ActiveCfg = Debug|Any CPU
		{2A1C8ECA-D867-4AAD-95A5-A74181789E47}.Debug|Any CPU.Build.0 = Debug|Any CPU
		{2A1C8ECA-D867-4AAD-95A5-A74181789E47}.Release|Any CPU.ActiveCfg = Release|Any CPU
		{2A1C8ECA-D867-4AAD-95A5-A74181789E47}.Release|Any CPU.Build.0 = Release|Any CPU
		{1F197BB8-9A3F-487A-AABF-153DE55625A3}.Debug|Any CPU.ActiveCfg = Debug|Any CPU
		{1F197BB8-9A3F-487A-AABF-153DE55625A3}.Debug|Any CPU.Build.0 = Debug|Any CPU
		{1F197BB8-9A3F-487A-AABF-153DE55625A3}.Release|Any CPU.ActiveCfg = Release|Any CPU
		{1F197BB8-9A3F-487A-AABF-153DE55625A3}.Release|Any CPU.Build.0 = Release|Any CPU
		{7A6D3062-42AA-4E7D-A910-CC82F3EF3AA4}.Debug|Any CPU.ActiveCfg = Debug|Any CPU
		{7A6D3062-42AA-4E7D-A910-CC82F3EF3AA4}.Debug|Any CPU.Build.0 = Debug|Any CPU
		{7A6D3062-42AA-4E7D-A910-CC82F3EF3AA4}.Release|Any CPU.ActiveCfg = Release|Any CPU
		{7A6D3062-42AA-4E7D-A910-CC82F3EF3AA4}.Release|Any CPU.Build.0 = Release|Any CPU
	EndGlobalSection
	GlobalSection(SolutionProperties) = preSolution
		HideSolutionNode = FALSE
	EndGlobalSection
EndGlobal
